
Microsoft Visual Studio Solution File, Format Version 12.00
# Visual Studio Version 17
VisualStudioVersion = 17.0.31903.59
MinimumVisualStudioVersion = 10.0.40219.1
Project("{2150E333-8FDC-42A3-9474-1A3956D46DE8}") = "src", "src", "{827E0CD3-B72D-47B6-A68D-7590B98EB39B}"
EndProject
Project("{FAE04EC0-301F-11D3-BF4B-00C04F79EFBC}") = "TutoriaFiles.Core", "src\TutoriaFiles.Core\TutoriaFiles.Core.csproj", "{CF19C5F4-0A3D-4E6C-AEEA-25328E22CE76}"
EndProject
Project("{FAE04EC0-301F-11D3-BF4B-00C04F79EFBC}") = "TutoriaFiles.Infrastructure", "src\TutoriaFiles.Infrastructure\TutoriaFiles.Infrastructure.csproj", "{0C9B333C-FED9-4A01-AFBE-19E468401BFE}"
EndProject
Project("{FAE04EC0-301F-11D3-BF4B-00C04F79EFBC}") = "TutoriaFiles.API", "src\TutoriaFiles.API\TutoriaFiles.API.csproj", "{3EF48CD4-8233-4672-9263-3156AEB28F2E}"
EndProject
Project("{2150E333-8FDC-42A3-9474-1A3956D46DE8}") = "tests", "tests", "{0AB3BF05-4346-4AA6-1389-037BE0695223}"
EndProject
Project("{FAE04EC0-301F-11D3-BF4B-00C04F79EFBC}") = "TutoriaFiles.Tests.Unit", "tests\TutoriaFiles.Tests.Unit\TutoriaFiles.Tests.Unit.csproj", "{196F6C7D-655C-4902-B829-C2480C6F2C25}"
EndProject
Global
	GlobalSection(SolutionConfigurationPlatforms) = preSolution
		Debug|Any CPU = Debug|Any CPU
		Debug|x64 = Debug|x64
		Debug|x86 = Debug|x86
		Release|Any CPU = Release|Any CPU
		Release|x64 = Release|x64
		Release|x86 = Release|x86
	EndGlobalSection
	GlobalSection(ProjectConfigurationPlatforms) = postSolution
		{CF19C5F4-0A3D-4E6C-AEEA-25328E22CE76}.Debug|Any CPU.ActiveCfg = Debug|Any CPU
		{CF19C5F4-0A3D-4E6C-AEEA-25328E22CE76}.Debug|Any CPU.Build.0 = Debug|Any CPU
		{CF19C5F4-0A3D-4E6C-AEEA-25328E22CE76}.Debug|x64.ActiveCfg = Debug|Any CPU
		{CF19C5F4-0A3D-4E6C-AEEA-25328E22CE76}.Debug|x64.Build.0 = Debug|Any CPU
		{CF19C5F4-0A3D-4E6C-AEEA-25328E22CE76}.Debug|x86.ActiveCfg = Debug|Any CPU
		{CF19C5F4-0A3D-4E6C-AEEA-25328E22CE76}.Debug|x86.Build.0 = Debug|Any CPU
		{CF19C5F4-0A3D-4E6C-AEEA-25328E22CE76}.Release|Any CPU.ActiveCfg = Release|Any CPU
		{CF19C5F4-0A3D-4E6C-AEEA-25328E22CE76}.Release|Any CPU.Build.0 = Release|Any CPU
		{CF19C5F4-0A3D-4E6C-AEEA-25328E22CE76}.Release|x64.ActiveCfg = Release|Any CPU
		{CF19C5F4-0A3D-4E6C-AEEA-25328E22CE76}.Release|x64.Build.0 = Release|Any CPU
		{CF19C5F4-0A3D-4E6C-AEEA-25328E22CE76}.Release|x86.ActiveCfg = Release|Any CPU
		{CF19C5F4-0A3D-4E6C-AEEA-25328E22CE76}.Release|x86.Build.0 = Release|Any CPU
		{0C9B333C-FED9-4A01-AFBE-19E468401BFE}.Debug|Any CPU.ActiveCfg = Debug|Any CPU
		{0C9B333C-FED9-4A01-AFBE-19E468401BFE}.Debug|Any CPU.Build.0 = Debug|Any CPU
		{0C9B333C-FED9-4A01-AFBE-19E468401BFE}.Debug|x64.ActiveCfg = Debug|Any CPU
		{0C9B333C-FED9-4A01-AFBE-19E468401BFE}.Debug|x64.Build.0 = Debug|Any CPU
		{0C9B333C-FED9-4A01-AFBE-19E468401BFE}.Debug|x86.ActiveCfg = Debug|Any CPU
		{0C9B333C-FED9-4A01-AFBE-19E468401BFE}.Debug|x86.Build.0 = Debug|Any CPU
		{0C9B333C-FED9-4A01-AFBE-19E468401BFE}.Release|Any CPU.ActiveCfg = Release|Any CPU
		{0C9B333C-FED9-4A01-AFBE-19E468401BFE}.Release|Any CPU.Build.0 = Release|Any CPU
		{0C9B333C-FED9-4A01-AFBE-19E468401BFE}.Release|x64.ActiveCfg = Release|Any CPU
		{0C9B333C-FED9-4A01-AFBE-19E468401BFE}.Release|x64.Build.0 = Release|Any CPU
		{0C9B333C-FED9-4A01-AFBE-19E468401BFE}.Release|x86.ActiveCfg = Release|Any CPU
		{0C9B333C-FED9-4A01-AFBE-19E468401BFE}.Release|x86.Build.0 = Release|Any CPU
		{3EF48CD4-8233-4672-9263-3156AEB28F2E}.Debug|Any CPU.ActiveCfg = Debug|Any CPU
		{3EF48CD4-8233-4672-9263-3156AEB28F2E}.Debug|Any CPU.Build.0 = Debug|Any CPU
		{3EF48CD4-8233-4672-9263-3156AEB28F2E}.Debug|x64.ActiveCfg = Debug|Any CPU
		{3EF48CD4-8233-4672-9263-3156AEB28F2E}.Debug|x64.Build.0 = Debug|Any CPU
		{3EF48CD4-8233-4672-9263-3156AEB28F2E}.Debug|x86.ActiveCfg = Debug|Any CPU
		{3EF48CD4-8233-4672-9263-3156AEB28F2E}.Debug|x86.Build.0 = Debug|Any CPU
		{3EF48CD4-8233-4672-9263-3156AEB28F2E}.Release|Any CPU.ActiveCfg = Release|Any CPU
		{3EF48CD4-8233-4672-9263-3156AEB28F2E}.Release|Any CPU.Build.0 = Release|Any CPU
		{3EF48CD4-8233-4672-9263-3156AEB28F2E}.Release|x64.ActiveCfg = Release|Any CPU
		{3EF48CD4-8233-4672-9263-3156AEB28F2E}.Release|x64.Build.0 = Release|Any CPU
		{3EF48CD4-8233-4672-9263-3156AEB28F2E}.Release|x86.ActiveCfg = Release|Any CPU
		{3EF48CD4-8233-4672-9263-3156AEB28F2E}.Release|x86.Build.0 = Release|Any CPU
		{196F6C7D-655C-4902-B829-C2480C6F2C25}.Debug|Any CPU.ActiveCfg = Debug|Any CPU
		{196F6C7D-655C-4902-B829-C2480C6F2C25}.Debug|Any CPU.Build.0 = Debug|Any CPU
		{196F6C7D-655C-4902-B829-C2480C6F2C25}.Debug|x64.ActiveCfg = Debug|Any CPU
		{196F6C7D-655C-4902-B829-C2480C6F2C25}.Debug|x64.Build.0 = Debug|Any CPU
		{196F6C7D-655C-4902-B829-C2480C6F2C25}.Debug|x86.ActiveCfg = Debug|Any CPU
		{196F6C7D-655C-4902-B829-C2480C6F2C25}.Debug|x86.Build.0 = Debug|Any CPU
		{196F6C7D-655C-4902-B829-C2480C6F2C25}.Release|Any CPU.ActiveCfg = Release|Any CPU
		{196F6C7D-655C-4902-B829-C2480C6F2C25}.Release|Any CPU.Build.0 = Release|Any CPU
		{196F6C7D-655C-4902-B829-C2480C6F2C25}.Release|x64.ActiveCfg = Release|Any CPU
		{196F6C7D-655C-4902-B829-C2480C6F2C25}.Release|x64.Build.0 = Release|Any CPU
		{196F6C7D-655C-4902-B829-C2480C6F2C25}.Release|x86.ActiveCfg = Release|Any CPU
		{196F6C7D-655C-4902-B829-C2480C6F2C25}.Release|x86.Build.0 = Release|Any CPU
	EndGlobalSection
	GlobalSection(SolutionProperties) = preSolution
		HideSolutionNode = FALSE
	EndGlobalSection
	GlobalSection(NestedProjects) = preSolution
		{CF19C5F4-0A3D-4E6C-AEEA-25328E22CE76} = {827E0CD3-B72D-47B6-A68D-7590B98EB39B}
		{0C9B333C-FED9-4A01-AFBE-19E468401BFE} = {827E0CD3-B72D-47B6-A68D-7590B98EB39B}
		{3EF48CD4-8233-4672-9263-3156AEB28F2E} = {827E0CD3-B72D-47B6-A68D-7590B98EB39B}
		{196F6C7D-655C-4902-B829-C2480C6F2C25} = {0AB3BF05-4346-4AA6-1389-037BE0695223}
	EndGlobalSection
EndGlobal
